
Microsoft Visual Studio Solution File, Format Version 12.00
# Visual Studio Version 17
VisualStudioVersion = 17.13.35825.156
MinimumVisualStudioVersion = 10.0.40219.1
Project("{FAE04EC0-301F-11D3-BF4B-00C04F79EFBC}") = "AT2 - WFCadastros", "AT2 - WFCadastros\AT2 - WFCadastros.csproj", "{E65CED44-3E67-400B-A0BD-35629658CB4C}"
EndProject
Project("{FAE04EC0-301F-11D3-BF4B-00C04F79EFBC}") = "AT2-WFCadastroPessoa", "AT2-WFCadastroPessoa\AT2-WFCadastroPessoa.csproj", "{F3492337-5634-44D5-86C9-967AA2389F1C}"
EndProject
Global
	GlobalSection(SolutionConfigurationPlatforms) = preSolution
		Debug|Any CPU = Debug|Any CPU
		Release|Any CPU = Release|Any CPU
	EndGlobalSection
	GlobalSection(ProjectConfigurationPlatforms) = postSolution
		{E65CED44-3E67-400B-A0BD-35629658CB4C}.Debug|Any CPU.ActiveCfg = Debug|Any CPU
		{E65CED44-3E67-400B-A0BD-35629658CB4C}.Debug|Any CPU.Build.0 = Debug|Any CPU
		{E65CED44-3E67-400B-A0BD-35629658CB4C}.Release|Any CPU.ActiveCfg = Release|Any CPU
		{E65CED44-3E67-400B-A0BD-35629658CB4C}.Release|Any CPU.Build.0 = Release|Any CPU
		{F3492337-5634-44D5-86C9-967AA2389F1C}.Debug|Any CPU.ActiveCfg = Debug|Any CPU
		{F3492337-5634-44D5-86C9-967AA2389F1C}.Debug|Any CPU.Build.0 = Debug|Any CPU
		{F3492337-5634-44D5-86C9-967AA2389F1C}.Release|Any CPU.ActiveCfg = Release|Any CPU
		{F3492337-5634-44D5-86C9-967AA2389F1C}.Release|Any CPU.Build.0 = Release|Any CPU
	EndGlobalSection
	GlobalSection(SolutionProperties) = preSolution
		HideSolutionNode = FALSE
	EndGlobalSection
	GlobalSection(ExtensibilityGlobals) = postSolution
		SolutionGuid = {E9B248ED-2B46-4D40-9530-854A099FAB74}
	EndGlobalSection
EndGlobal
